{
  "name": "hello-node",
  "version": "1.0.0",
  "lockfileVersion": 2,
  "requires": true,
  "packages": {
    "": {
      "name": "hello-node",
      "version": "1.0.0",
      "license": "ISC",
      "dependencies": {
        "@zuzak/owo": "^1.16.1",
        "8ball": "^1.0.6",
        "8ball.js": "^1.1.3",
        "chalk": "^5.0.1",
        "rocket-launcher": "^2.0.4"
      }
    },
    "node_modules/@zuzak/owo": {
      "version": "1.16.1",
      "resolved": "https://registry.npmjs.org/@zuzak/owo/-/owo-1.16.1.tgz",
      "integrity": "sha512-MtuVFXbh0ahNQu/RcRXeC5w7blJkPxILV/mpZ3UdfvcWBCB2erveiAAY39prPUX8tzpwhM2VpAymCC96lgF85A==",
      "dependencies": {
        "random-item": "^1.0.0",
        "replace-string": "^2.0.0"
      }
    },
    "node_modules/8ball": {
      "version": "1.0.6",
      "resolved": "https://registry.npmjs.org/8ball/-/8ball-1.0.6.tgz",
      "integrity": "sha512-tUI80FGoztyO1vS890sQ+QeIe29ghIQPOunSSsvIXHerYsv8KUofcl5rCajtigaG8fUa/4EplMtnp7l5JedzZw==",
      "bin": {
        "🎱": "cli.js",
        "8ball": "cli.js"
      },
      "engines": {
        "node": ">=4"
      }
    },
    "node_modules/8ball.js": {
      "version": "1.1.3",
      "resolved": "https://registry.npmjs.org/8ball.js/-/8ball.js-1.1.3.tgz",
      "integrity": "sha512-vJ8smOIMUKLUuQJuOT4++PWLJgDNlQxMmJJaMlT+QshHsxcBVgfz5SAvJrjAYNLCBC5RpvxdBgDBMUe1zphlag=="
    },
    "node_modules/chalk": {
      "version": "5.0.1",
      "resolved": "https://registry.npmjs.org/chalk/-/chalk-5.0.1.tgz",
      "integrity": "sha512-Fo07WOYGqMfCWHOzSXOt2CxDbC6skS/jO9ynEcmpANMoPrD+W1r1K6Vx7iNm+AQmETU1Xr2t+n8nzkV9t6xh3w==",
      "engines": {
        "node": "^12.17.0 || ^14.13 || >=16.0.0"
      },
      "funding": {
        "url": "https://github.com/chalk/chalk?sponsor=1"
      }
    },
    "node_modules/figlet": {
      "version": "1.1.0",
      "resolved": "https://registry.npmjs.org/figlet/-/figlet-1.1.0.tgz",
      "integrity": "sha512-S1v+L7S0yGpib47263pBnPH1DtOernMgpPYy+U2UOCKSu37aCCKNpMdwN3Li+NxWbaYgCcGB2p1YhkleOeivOA==",
      "engines": {
        "node": ">= 0.4.0"
      }
    },
    "node_modules/random-item": {
      "version": "1.0.0",
      "resolved": "https://registry.npmjs.org/random-item/-/random-item-1.0.0.tgz",
      "integrity": "sha512-jGLxPEhAxYBehfNkMZviwkJQN9/PnYtuV0qn3ZQT0YHMlMiTD70rGHjzL9s9SmUgpD/gNVkXbHixxJaCuWB2Gw==",
      "engines": {
        "node": ">=0.10.0"
      }
    },
    "node_modules/replace-string": {
      "version": "2.0.0",
      "resolved": "https://registry.npmjs.org/replace-string/-/replace-string-2.0.0.tgz",
      "integrity": "sha512-e6cHLIPJeIReWRcKFXdGC2bVR9dC4Bdwf2LIhzefHNPNR5ob90LtopHVGisQmaYEVfEtB945lmTA8B+e2lMJvQ==",
      "engines": {
        "node": ">=6"
      }
    },
    "node_modules/rocket-launcher": {
      "version": "2.0.4",
      "resolved": "https://registry.npmjs.org/rocket-launcher/-/rocket-launcher-2.0.4.tgz",
      "integrity": "sha512-lcGjccMUUS+KaR7LJYHCSP2s9yPQZTpM9ZNA2Wpsocv2NYXKMdEpd0gG1+lL5M/6CC43p0PV4KPgiA0bgIdhGQ==",
      "dependencies": {
        "figlet": "1.1.0"
      }
    }
  },
  "dependencies": {
    "@zuzak/owo": {
      "version": "1.16.1",
      "resolved": "https://registry.npmjs.org/@zuzak/owo/-/owo-1.16.1.tgz",
      "integrity": "sha512-MtuVFXbh0ahNQu/RcRXeC5w7blJkPxILV/mpZ3UdfvcWBCB2erveiAAY39prPUX8tzpwhM2VpAymCC96lgF85A==",
      "requires": {
        "random-item": "^1.0.0",
        "replace-string": "^2.0.0"
      }
    },
    "8ball": {
      "version": "1.0.6",
      "resolved": "https://registry.npmjs.org/8ball/-/8ball-1.0.6.tgz",
      "integrity": "sha512-tUI80FGoztyO1vS890sQ+QeIe29ghIQPOunSSsvIXHerYsv8KUofcl5rCajtigaG8fUa/4EplMtnp7l5JedzZw=="
    },
    "8ball.js": {
      "version": "1.1.3",
      "resolved": "https://registry.npmjs.org/8ball.js/-/8ball.js-1.1.3.tgz",
      "integrity": "sha512-vJ8smOIMUKLUuQJuOT4++PWLJgDNlQxMmJJaMlT+QshHsxcBVgfz5SAvJrjAYNLCBC5RpvxdBgDBMUe1zphlag=="
    },
    "chalk": {
      "version": "5.0.1",
      "resolved": "https://registry.npmjs.org/chalk/-/chalk-5.0.1.tgz",
      "integrity": "sha512-Fo07WOYGqMfCWHOzSXOt2CxDbC6skS/jO9ynEcmpANMoPrD+W1r1K6Vx7iNm+AQmETU1Xr2t+n8nzkV9t6xh3w=="
    },
    "figlet": {
      "version": "1.1.0",
      "resolved": "https://registry.npmjs.org/figlet/-/figlet-1.1.0.tgz",
      "integrity": "sha512-S1v+L7S0yGpib47263pBnPH1DtOernMgpPYy+U2UOCKSu37aCCKNpMdwN3Li+NxWbaYgCcGB2p1YhkleOeivOA=="
    },
    "random-item": {
      "version": "1.0.0",
      "resolved": "https://registry.npmjs.org/random-item/-/random-item-1.0.0.tgz",
      "integrity": "sha512-jGLxPEhAxYBehfNkMZviwkJQN9/PnYtuV0qn3ZQT0YHMlMiTD70rGHjzL9s9SmUgpD/gNVkXbHixxJaCuWB2Gw=="
    },
    "replace-string": {
      "version": "2.0.0",
      "resolved": "https://registry.npmjs.org/replace-string/-/replace-string-2.0.0.tgz",
      "integrity": "sha512-e6cHLIPJeIReWRcKFXdGC2bVR9dC4Bdwf2LIhzefHNPNR5ob90LtopHVGisQmaYEVfEtB945lmTA8B+e2lMJvQ=="
    },
    "rocket-launcher": {
      "version": "2.0.4",
      "resolved": "https://registry.npmjs.org/rocket-launcher/-/rocket-launcher-2.0.4.tgz",
      "integrity": "sha512-lcGjccMUUS+KaR7LJYHCSP2s9yPQZTpM9ZNA2Wpsocv2NYXKMdEpd0gG1+lL5M/6CC43p0PV4KPgiA0bgIdhGQ==",
      "requires": {
        "figlet": "1.1.0"
      }
    }
  }
}
