
Microsoft Visual Studio Solution File, Format Version 12.00
# Visual Studio Version 17
VisualStudioVersion = 17.5.002.0
MinimumVisualStudioVersion = 10.0.40219.1
Project("{9A19103F-16F7-4668-BE54-9A1E7A4F7556}") = "dotnet", "dotnet.csproj", "{DF4FFCC6-6B6D-4C5B-AA92-E9DD07AE8A02}"
EndProject
Global
	GlobalSection(SolutionConfigurationPlatforms) = preSolution
		Debug|Any CPU = Debug|Any CPU
		Release|Any CPU = Release|Any CPU
	EndGlobalSection
	GlobalSection(ProjectConfigurationPlatforms) = postSolution
		{DF4FFCC6-6B6D-4C5B-AA92-E9DD07AE8A02}.Debug|Any CPU.ActiveCfg = Debug|Any CPU
		{DF4FFCC6-6B6D-4C5B-AA92-E9DD07AE8A02}.Debug|Any CPU.Build.0 = Debug|Any CPU
		{DF4FFCC6-6B6D-4C5B-AA92-E9DD07AE8A02}.Release|Any CPU.ActiveCfg = Release|Any CPU
		{DF4FFCC6-6B6D-4C5B-AA92-E9DD07AE8A02}.Release|Any CPU.Build.0 = Release|Any CPU
	EndGlobalSection
	GlobalSection(SolutionProperties) = preSolution
		HideSolutionNode = FALSE
	EndGlobalSection
	GlobalSection(ExtensibilityGlobals) = postSolution
		SolutionGuid = {AE609E96-B8F3-463E-AC41-6B21F63A1DF1}
	EndGlobalSection
EndGlobal
